# @generated by Move, please check-in and do not edit manually.

[move]
version = 3
manifest_digest = "5B837E7651EF096F027711B9CE07240754F6A9A030092D9923D48FA4E0AE480D"
deps_digest = "F8BBB0CCB2491CA29A3DF03D6F92277A4F3574266507ACD77214D37ECA3F3082"
dependencies = [
  { id = "SuiSpecs", name = "SuiSpecs" },
]

[[move.package]]
id = "MoveStdlib"
source = { git = "https://github.com/asymptotic-code/sui.git", rev = "emit-fix", subdir = "crates/sui-framework/packages/move-stdlib" }

[[move.package]]
id = "Prover"
source = { git = "https://github.com/asymptotic-code/sui-prover.git", rev = "bring-in-packages", subdir = "packages/prover" }

dependencies = [
  { id = "MoveStdlib", name = "MoveStdlib" },
]

[[move.package]]
id = "Sui"
source = { git = "https://github.com/asymptotic-code/sui.git", rev = "emit-fix", subdir = "crates/sui-framework/packages/sui-framework" }

dependencies = [
  { id = "MoveStdlib", name = "MoveStdlib" },
  { id = "Prover", name = "Prover" },
]

[[move.package]]
id = "SuiSpecs"
source = { git = "https://github.com/asymptotic-code/sui-prover.git", rev = "bring-in-packages", subdir = "packages/sui-framework-specs" }

dependencies = [
  { id = "Prover", name = "Prover" },
  { id = "Sui", name = "Sui" },
]
