# @generated by Move, please check-in and do not edit manually.

[move]
version = 3
manifest_digest = "9065E056C7328CBBC29ED93F40274F9C8E5B09F619E89DCDCF0363705EE71399"
deps_digest = "F8BBB0CCB2491CA29A3DF03D6F92277A4F3574266507ACD77214D37ECA3F3082"
dependencies = [
  { id = "Sui", name = "Sui" },
]

[[move.package]]
id = "MoveStdlib"
source = { local = "../../../sui/crates/sui-framework/packages/move-stdlib" }

[[move.package]]
id = "Prover"
source = { local = "../../../sui/crates/sui-framework/packages/prover" }

dependencies = [
  { id = "MoveStdlib", name = "MoveStdlib" },
]

[[move.package]]
id = "Sui"
source = { local = "../../../sui/crates/sui-framework/packages/sui-framework" }

dependencies = [
  { id = "MoveStdlib", name = "MoveStdlib" },
  { id = "Prover", name = "Prover" },
]
